
Microsoft Visual Studio Solution File, Format Version 12.00
# Visual Studio Version 17
VisualStudioVersion = 17.3.32922.545
MinimumVisualStudioVersion = 10.0.40219.1
Project("{9A19103F-16F7-4668-BE54-9A1E7A4F7556}") = "Core.Tests", "test\Core.Tests\Core.Tests.csproj", "{0F31AAB4-B6FB-4DF1-B6BA-2AF58FADB005}"
EndProject
Project("{2150E333-8FDC-42A3-9474-1A3956D46DE8}") = "UI", "UI", "{6AF5FFEF-AFBA-4BB8-A14F-FDE4AEEC19AB}"
EndProject
Project("{2150E333-8FDC-42A3-9474-1A3956D46DE8}") = "Settings", "Settings", "{8FB5794C-299E-4B9E-8D0D-6BFC695DA91B}"
	ProjectSection(SolutionItems) = preProject
		Directory.Build.props = Directory.Build.props
	EndProjectSection
EndProject
Project("{2150E333-8FDC-42A3-9474-1A3956D46DE8}") = "ci", "ci", "{5D426D86-43BB-4D6D-A6BF-0ACC65A19C92}"
	ProjectSection(SolutionItems) = preProject
		ci\azure-pipelines.yml = ci\azure-pipelines.yml
		ci\build.yml = ci\build.yml
		ci\package.yml = ci\package.yml
	EndProjectSection
EndProject
Project("{9A19103F-16F7-4668-BE54-9A1E7A4F7556}") = "Windows", "src\UI\Windows\Windows.csproj", "{DD8BD355-FB29-42BD-AADD-C0E391EE1825}"
EndProject
Project("{9A19103F-16F7-4668-BE54-9A1E7A4F7556}") = "Core", "src\Core\Core.csproj", "{79C7EB0F-A75B-4DA7-BDDF-12C9714B48DF}"
EndProject
Project("{2150E333-8FDC-42A3-9474-1A3956D46DE8}") = "Docs", "Docs", "{ED2EC291-3353-442C-AD2C-3D3438798EF0}"
	ProjectSection(SolutionItems) = preProject
		README.md = README.md
		docs\ConnectionButtonBehavior.md = docs\ConnectionButtonBehavior.md
		CLAUDE.md = CLAUDE.md
	EndProjectSection
EndProject
Project("{2150E333-8FDC-42A3-9474-1A3956D46DE8}") = "lib", "lib", "{3A8DF596-E814-FECC-DD4B-D8EF8AAC1A0D}"
EndProject
Project("{2150E333-8FDC-42A3-9474-1A3956D46DE8}") = "Guidelines", "Guidelines", "{704960A3-6C7D-5CB1-1F34-76459FC7CBAE}"
EndProject
Project("{2150E333-8FDC-42A3-9474-1A3956D46DE8}") = "src", "src", "{DDC3EA95-9E27-4E54-C9B7-EF99E65DDDE0}"
EndProject
Project("{FAE04EC0-301F-11D3-BF4B-00C04F79EFBC}") = "ZBitSystems.Wpf.UI", "lib\Guidelines\src\ZBitSystems.Wpf.UI\ZBitSystems.Wpf.UI.csproj", "{B5DAB0A8-CF87-4799-8BAE-08CE2A33E97E}"
EndProject
Global
	GlobalSection(SolutionConfigurationPlatforms) = preSolution
		Debug|Any CPU = Debug|Any CPU
		Debug|ARM = Debug|ARM
		Debug|ARM64 = Debug|ARM64
		Debug|x64 = Debug|x64
		Debug|x86 = Debug|x86
		Release|Any CPU = Release|Any CPU
		Release|ARM = Release|ARM
		Release|ARM64 = Release|ARM64
		Release|x64 = Release|x64
		Release|x86 = Release|x86
	EndGlobalSection
	GlobalSection(ProjectConfigurationPlatforms) = postSolution
		{0F31AAB4-B6FB-4DF1-B6BA-2AF58FADB005}.Debug|Any CPU.ActiveCfg = Debug|Any CPU
		{0F31AAB4-B6FB-4DF1-B6BA-2AF58FADB005}.Debug|Any CPU.Build.0 = Debug|Any CPU
		{0F31AAB4-B6FB-4DF1-B6BA-2AF58FADB005}.Debug|ARM.ActiveCfg = Debug|Any CPU
		{0F31AAB4-B6FB-4DF1-B6BA-2AF58FADB005}.Debug|ARM.Build.0 = Debug|Any CPU
		{0F31AAB4-B6FB-4DF1-B6BA-2AF58FADB005}.Debug|ARM64.ActiveCfg = Debug|Any CPU
		{0F31AAB4-B6FB-4DF1-B6BA-2AF58FADB005}.Debug|ARM64.Build.0 = Debug|Any CPU
		{0F31AAB4-B6FB-4DF1-B6BA-2AF58FADB005}.Debug|x64.ActiveCfg = Debug|Any CPU
		{0F31AAB4-B6FB-4DF1-B6BA-2AF58FADB005}.Debug|x64.Build.0 = Debug|Any CPU
		{0F31AAB4-B6FB-4DF1-B6BA-2AF58FADB005}.Debug|x86.ActiveCfg = Debug|Any CPU
		{0F31AAB4-B6FB-4DF1-B6BA-2AF58FADB005}.Debug|x86.Build.0 = Debug|Any CPU
		{0F31AAB4-B6FB-4DF1-B6BA-2AF58FADB005}.Release|Any CPU.ActiveCfg = Release|Any CPU
		{0F31AAB4-B6FB-4DF1-B6BA-2AF58FADB005}.Release|Any CPU.Build.0 = Release|Any CPU
		{0F31AAB4-B6FB-4DF1-B6BA-2AF58FADB005}.Release|ARM.ActiveCfg = Release|Any CPU
		{0F31AAB4-B6FB-4DF1-B6BA-2AF58FADB005}.Release|ARM.Build.0 = Release|Any CPU
		{0F31AAB4-B6FB-4DF1-B6BA-2AF58FADB005}.Release|ARM64.ActiveCfg = Release|Any CPU
		{0F31AAB4-B6FB-4DF1-B6BA-2AF58FADB005}.Release|ARM64.Build.0 = Release|Any CPU
		{0F31AAB4-B6FB-4DF1-B6BA-2AF58FADB005}.Release|x64.ActiveCfg = Release|Any CPU
		{0F31AAB4-B6FB-4DF1-B6BA-2AF58FADB005}.Release|x64.Build.0 = Release|Any CPU
		{0F31AAB4-B6FB-4DF1-B6BA-2AF58FADB005}.Release|x86.ActiveCfg = Release|Any CPU
		{0F31AAB4-B6FB-4DF1-B6BA-2AF58FADB005}.Release|x86.Build.0 = Release|Any CPU
		{DD8BD355-FB29-42BD-AADD-C0E391EE1825}.Debug|Any CPU.ActiveCfg = Debug|Any CPU
		{DD8BD355-FB29-42BD-AADD-C0E391EE1825}.Debug|Any CPU.Build.0 = Debug|Any CPU
		{DD8BD355-FB29-42BD-AADD-C0E391EE1825}.Debug|ARM.ActiveCfg = Debug|Any CPU
		{DD8BD355-FB29-42BD-AADD-C0E391EE1825}.Debug|ARM.Build.0 = Debug|Any CPU
		{DD8BD355-FB29-42BD-AADD-C0E391EE1825}.Debug|ARM64.ActiveCfg = Debug|Any CPU
		{DD8BD355-FB29-42BD-AADD-C0E391EE1825}.Debug|ARM64.Build.0 = Debug|Any CPU
		{DD8BD355-FB29-42BD-AADD-C0E391EE1825}.Debug|x64.ActiveCfg = Debug|Any CPU
		{DD8BD355-FB29-42BD-AADD-C0E391EE1825}.Debug|x64.Build.0 = Debug|Any CPU
		{DD8BD355-FB29-42BD-AADD-C0E391EE1825}.Debug|x86.ActiveCfg = Debug|Any CPU
		{DD8BD355-FB29-42BD-AADD-C0E391EE1825}.Debug|x86.Build.0 = Debug|Any CPU
		{DD8BD355-FB29-42BD-AADD-C0E391EE1825}.Release|Any CPU.ActiveCfg = Release|Any CPU
		{DD8BD355-FB29-42BD-AADD-C0E391EE1825}.Release|Any CPU.Build.0 = Release|Any CPU
		{DD8BD355-FB29-42BD-AADD-C0E391EE1825}.Release|ARM.ActiveCfg = Release|Any CPU
		{DD8BD355-FB29-42BD-AADD-C0E391EE1825}.Release|ARM.Build.0 = Release|Any CPU
		{DD8BD355-FB29-42BD-AADD-C0E391EE1825}.Release|ARM64.ActiveCfg = Release|Any CPU
		{DD8BD355-FB29-42BD-AADD-C0E391EE1825}.Release|ARM64.Build.0 = Release|Any CPU
		{DD8BD355-FB29-42BD-AADD-C0E391EE1825}.Release|x64.ActiveCfg = Release|x64
		{DD8BD355-FB29-42BD-AADD-C0E391EE1825}.Release|x64.Build.0 = Release|x64
		{DD8BD355-FB29-42BD-AADD-C0E391EE1825}.Release|x86.ActiveCfg = Release|Any CPU
		{DD8BD355-FB29-42BD-AADD-C0E391EE1825}.Release|x86.Build.0 = Release|Any CPU
		{79C7EB0F-A75B-4DA7-BDDF-12C9714B48DF}.Debug|Any CPU.ActiveCfg = Debug|Any CPU
		{79C7EB0F-A75B-4DA7-BDDF-12C9714B48DF}.Debug|Any CPU.Build.0 = Debug|Any CPU
		{79C7EB0F-A75B-4DA7-BDDF-12C9714B48DF}.Debug|ARM.ActiveCfg = Debug|Any CPU
		{79C7EB0F-A75B-4DA7-BDDF-12C9714B48DF}.Debug|ARM.Build.0 = Debug|Any CPU
		{79C7EB0F-A75B-4DA7-BDDF-12C9714B48DF}.Debug|ARM64.ActiveCfg = Debug|Any CPU
		{79C7EB0F-A75B-4DA7-BDDF-12C9714B48DF}.Debug|ARM64.Build.0 = Debug|Any CPU
		{79C7EB0F-A75B-4DA7-BDDF-12C9714B48DF}.Debug|x64.ActiveCfg = Debug|Any CPU
		{79C7EB0F-A75B-4DA7-BDDF-12C9714B48DF}.Debug|x64.Build.0 = Debug|Any CPU
		{79C7EB0F-A75B-4DA7-BDDF-12C9714B48DF}.Debug|x86.ActiveCfg = Debug|Any CPU
		{79C7EB0F-A75B-4DA7-BDDF-12C9714B48DF}.Debug|x86.Build.0 = Debug|Any CPU
		{79C7EB0F-A75B-4DA7-BDDF-12C9714B48DF}.Release|Any CPU.ActiveCfg = Release|Any CPU
		{79C7EB0F-A75B-4DA7-BDDF-12C9714B48DF}.Release|Any CPU.Build.0 = Release|Any CPU
		{79C7EB0F-A75B-4DA7-BDDF-12C9714B48DF}.Release|ARM.ActiveCfg = Release|Any CPU
		{79C7EB0F-A75B-4DA7-BDDF-12C9714B48DF}.Release|ARM.Build.0 = Release|Any CPU
		{79C7EB0F-A75B-4DA7-BDDF-12C9714B48DF}.Release|ARM64.ActiveCfg = Release|Any CPU
		{79C7EB0F-A75B-4DA7-BDDF-12C9714B48DF}.Release|ARM64.Build.0 = Release|Any CPU
		{79C7EB0F-A75B-4DA7-BDDF-12C9714B48DF}.Release|x64.ActiveCfg = Release|x64
		{79C7EB0F-A75B-4DA7-BDDF-12C9714B48DF}.Release|x64.Build.0 = Release|x64
		{79C7EB0F-A75B-4DA7-BDDF-12C9714B48DF}.Release|x86.ActiveCfg = Release|Any CPU
		{79C7EB0F-A75B-4DA7-BDDF-12C9714B48DF}.Release|x86.Build.0 = Release|Any CPU
		{B5DAB0A8-CF87-4799-8BAE-08CE2A33E97E}.Debug|Any CPU.ActiveCfg = Debug|Any CPU
		{B5DAB0A8-CF87-4799-8BAE-08CE2A33E97E}.Debug|Any CPU.Build.0 = Debug|Any CPU
		{B5DAB0A8-CF87-4799-8BAE-08CE2A33E97E}.Debug|ARM.ActiveCfg = Debug|Any CPU
		{B5DAB0A8-CF87-4799-8BAE-08CE2A33E97E}.Debug|ARM.Build.0 = Debug|Any CPU
		{B5DAB0A8-CF87-4799-8BAE-08CE2A33E97E}.Debug|ARM64.ActiveCfg = Debug|Any CPU
		{B5DAB0A8-CF87-4799-8BAE-08CE2A33E97E}.Debug|ARM64.Build.0 = Debug|Any CPU
		{B5DAB0A8-CF87-4799-8BAE-08CE2A33E97E}.Debug|x64.ActiveCfg = Debug|Any CPU
		{B5DAB0A8-CF87-4799-8BAE-08CE2A33E97E}.Debug|x64.Build.0 = Debug|Any CPU
		{B5DAB0A8-CF87-4799-8BAE-08CE2A33E97E}.Debug|x86.ActiveCfg = Debug|Any CPU
		{B5DAB0A8-CF87-4799-8BAE-08CE2A33E97E}.Debug|x86.Build.0 = Debug|Any CPU
		{B5DAB0A8-CF87-4799-8BAE-08CE2A33E97E}.Release|Any CPU.ActiveCfg = Release|Any CPU
		{B5DAB0A8-CF87-4799-8BAE-08CE2A33E97E}.Release|Any CPU.Build.0 = Release|Any CPU
		{B5DAB0A8-CF87-4799-8BAE-08CE2A33E97E}.Release|ARM.ActiveCfg = Release|Any CPU
		{B5DAB0A8-CF87-4799-8BAE-08CE2A33E97E}.Release|ARM.Build.0 = Release|Any CPU
		{B5DAB0A8-CF87-4799-8BAE-08CE2A33E97E}.Release|ARM64.ActiveCfg = Release|Any CPU
		{B5DAB0A8-CF87-4799-8BAE-08CE2A33E97E}.Release|ARM64.Build.0 = Release|Any CPU
		{B5DAB0A8-CF87-4799-8BAE-08CE2A33E97E}.Release|x64.ActiveCfg = Release|Any CPU
		{B5DAB0A8-CF87-4799-8BAE-08CE2A33E97E}.Release|x64.Build.0 = Release|Any CPU
		{B5DAB0A8-CF87-4799-8BAE-08CE2A33E97E}.Release|x86.ActiveCfg = Release|Any CPU
		{B5DAB0A8-CF87-4799-8BAE-08CE2A33E97E}.Release|x86.Build.0 = Release|Any CPU
	EndGlobalSection
	GlobalSection(SolutionProperties) = preSolution
		HideSolutionNode = FALSE
	EndGlobalSection
	GlobalSection(NestedProjects) = preSolution
		{5D426D86-43BB-4D6D-A6BF-0ACC65A19C92} = {8FB5794C-299E-4B9E-8D0D-6BFC695DA91B}
		{DD8BD355-FB29-42BD-AADD-C0E391EE1825} = {6AF5FFEF-AFBA-4BB8-A14F-FDE4AEEC19AB}
		{704960A3-6C7D-5CB1-1F34-76459FC7CBAE} = {3A8DF596-E814-FECC-DD4B-D8EF8AAC1A0D}
		{DDC3EA95-9E27-4E54-C9B7-EF99E65DDDE0} = {704960A3-6C7D-5CB1-1F34-76459FC7CBAE}
		{B5DAB0A8-CF87-4799-8BAE-08CE2A33E97E} = {DDC3EA95-9E27-4E54-C9B7-EF99E65DDDE0}
	EndGlobalSection
	GlobalSection(ExtensibilityGlobals) = postSolution
		SolutionGuid = {09928BD4-7D4E-4C9A-86DA-49BC36820716}
	EndGlobalSection
EndGlobal
